<?xml version="1.0" encoding="utf-8"?>
<Project ToolsVersion="4.0" xmlns="http://schemas.microsoft.com/developer/msbuild/2003">
  <ItemGroup>
    <ClCompile Include="ControlAlterDeck.cpp">
      <Filter>ソース</Filter>
    </ClCompile>
    <ClCompile Include="ControlBattle.cpp">
      <Filter>ソース</Filter>
    </ClCompile>
    <ClCompile Include="ControlCharaChoice.cpp">
      <Filter>ソース</Filter>
    </ClCompile>
    <ClCompile Include="ControlDeckChoice.cpp">
      <Filter>ソース</Filter>
    </ClCompile>
    <ClCompile Include="ControlGame.cpp">
      <Filter>ソース</Filter>
    </ClCompile>
    <ClCompile Include="ControlHome.cpp">
      <Filter>ソース</Filter>
    </ClCompile>
    <ClCompile Include="ControlItemDrop.cpp">
      <Filter>ソース</Filter>
    </ClCompile>
    <ClCompile Include="ControlHP.cpp">
      <Filter>ソース</Filter>
    </ClCompile>
    <ClCompile Include="ControlMagicKnigtMainGame.cpp">
      <Filter>ソース</Filter>
    </ClCompile>
    <ClCompile Include="ControlModifyWord.cpp">
      <Filter>ソース</Filter>
    </ClCompile>
    <ClCompile Include="ControlStageSelect.cpp">
      <Filter>ソース</Filter>
    </ClCompile>
    <ClCompile Include="ControlWeaponMasterAction.cpp">
      <Filter>ソース</Filter>
    </ClCompile>
    <ClCompile Include="ControlWordListsAndTyping.cpp">
      <Filter>ソース</Filter>
    </ClCompile>
    <ClCompile Include="RenderAlterDeck.cpp">
      <Filter>ソース</Filter>
    </ClCompile>
    <ClCompile Include="RenderStageSelect.cpp">
      <Filter>ソース</Filter>
    </ClCompile>
    <ClCompile Include="RenderModifyWord.cpp">
      <Filter>ソース</Filter>
    </ClCompile>
    <ClCompile Include="RenderCharaChoice.cpp">
      <Filter>ソース</Filter>
    </ClCompile>
    <ClCompile Include="RenderDeckChoice.cpp">
      <Filter>ソース</Filter>
    </ClCompile>
    <ClCompile Include="RenderMagicKnigtMainGame.cpp">
      <Filter>ソース</Filter>
    </ClCompile>
    <ClCompile Include="RenderWeaponMasterAction.cpp">
      <Filter>ソース</Filter>
    </ClCompile>
    <ClCompile Include="RenderHome.cpp">
      <Filter>ソース</Filter>
    </ClCompile>
    <ClCompile Include="RenderWordListsAndTyping.cpp">
      <Filter>ソース</Filter>
    </ClCompile>
    <ClCompile Include="WinMain.cpp">
      <Filter>ソース</Filter>
    </ClCompile>
    <ClCompile Include="RenderHP.cpp">
      <Filter>ソース</Filter>
    </ClCompile>
    <ClCompile Include="RenderGame.cpp">
      <Filter>ソース</Filter>
    </ClCompile>
    <ClCompile Include="OperateResult.cpp">
      <Filter>ソース</Filter>
    </ClCompile>
    <ClCompile Include="OperatePV.cpp">
      <Filter>ソース</Filter>
    </ClCompile>
    <ClCompile Include="OperateTitle.cpp">
      <Filter>ソース</Filter>
    </ClCompile>
  </ItemGroup>
  <ItemGroup>
    <ClInclude Include="RenderWordListsAndTyping.h">
      <Filter>ヘッダ</Filter>
    </ClInclude>
    <ClInclude Include="RenderHP.h">
      <Filter>ヘッダ</Filter>
    </ClInclude>
    <ClInclude Include="RenderMagicKnigtMainGame.h">
      <Filter>ヘッダ</Filter>
    </ClInclude>
    <ClInclude Include="RenderModifyWord.h">
      <Filter>ヘッダ</Filter>
    </ClInclude>
    <ClInclude Include="RenderStageSelect.h">
      <Filter>ヘッダ</Filter>
    </ClInclude>
    <ClInclude Include="RenderWeaponMasterAction.h">
      <Filter>ヘッダ</Filter>
    </ClInclude>
    <ClInclude Include="ControlAlterDeck.h">
      <Filter>ヘッダ</Filter>
    </ClInclude>
    <ClInclude Include="ControlBattle.h">
      <Filter>ヘッダ</Filter>
    </ClInclude>
    <ClInclude Include="ControlCharaChoice.h">
      <Filter>ヘッダ</Filter>
    </ClInclude>
    <ClInclude Include="ControlDeckChoice.h">
      <Filter>ヘッダ</Filter>
    </ClInclude>
    <ClInclude Include="ControlGame.h">
      <Filter>ヘッダ</Filter>
    </ClInclude>
    <ClInclude Include="ControlHome.h">
      <Filter>ヘッダ</Filter>
    </ClInclude>
    <ClInclude Include="ControlHP.h">
      <Filter>ヘッダ</Filter>
    </ClInclude>
    <ClInclude Include="ControlItemDrop.h">
      <Filter>ヘッダ</Filter>
    </ClInclude>
    <ClInclude Include="ControlMagicKnightMainGame.h">
      <Filter>ヘッダ</Filter>
    </ClInclude>
    <ClInclude Include="ControlModifyWord.h">
      <Filter>ヘッダ</Filter>
    </ClInclude>
    <ClInclude Include="ControlStageSelect.h">
      <Filter>ヘッダ</Filter>
    </ClInclude>
    <ClInclude Include="ControlWeaponMasterAction.h">
      <Filter>ヘッダ</Filter>
    </ClInclude>
    <ClInclude Include="ControlWordListsAndTyping.h">
      <Filter>ヘッダ</Filter>
    </ClInclude>
    <ClInclude Include="DX9Lib.h">
      <Filter>ヘッダ</Filter>
    </ClInclude>
    <ClInclude Include="RenderAlterDeck.h">
      <Filter>ヘッダ</Filter>
    </ClInclude>
    <ClInclude Include="RenderCharaChoice.h">
      <Filter>ヘッダ</Filter>
    </ClInclude>
    <ClInclude Include="RenderDeckChoice.h">
      <Filter>ヘッダ</Filter>
    </ClInclude>
    <ClInclude Include="RenderGame.h">
      <Filter>ヘッダ</Filter>
    </ClInclude>
    <ClInclude Include="RenderHome.h">
      <Filter>ヘッダ</Filter>
    </ClInclude>
    <ClInclude Include="WinMain.h">
      <Filter>ヘッダ</Filter>
    </ClInclude>
    <ClInclude Include="OperateResult.h">
      <Filter>ヘッダ</Filter>
    </ClInclude>
    <ClInclude Include="OperatePV.h">
      <Filter>ヘッダ</Filter>
    </ClInclude>
    <ClInclude Include="OperateTitle.h">
      <Filter>ヘッダ</Filter>
    </ClInclude>
  </ItemGroup>
  <ItemGroup>
    <Text Include="Files\Enum\WeaponMasterWordEnum.txt">
      <Filter>その他</Filter>
    </Text>
    <Text Include="Enum\MagicKnightWordEnum.txt">
      <Filter>その他</Filter>
    </Text>
  </ItemGroup>
  <ItemGroup>
    <Filter Include="ソース">
      <UniqueIdentifier>{92514226-a3f8-48ed-a2f7-d19be389345e}</UniqueIdentifier>
    </Filter>
    <Filter Include="ヘッダ">
      <UniqueIdentifier>{3c1b610b-6e34-4f54-b7fb-387d8da1b653}</UniqueIdentifier>
    </Filter>
    <Filter Include="その他">
      <UniqueIdentifier>{6befca1d-ddee-491f-876c-bb990781c7c7}</UniqueIdentifier>
    </Filter>
  </ItemGroup>
  <ItemGroup>
    <Image Include="..\..\..\..\OneDrive\Desktop\sam_pc_roma.gif">
      <Filter>その他</Filter>
    </Image>
  </ItemGroup>
</Project>